// !$*UTF8*$!
{
	archiveVersion = 1;
	classes = {
	};
	objectVersion = 55;
	objects = {

/* Begin PBXBuildFile section */
		F34396192817D19A00656E99 /* AppDelegate.swift in Sources */ = {isa = PBXBuildFile; fileRef = F34396182817D19A00656E99 /* AppDelegate.swift */; };
		F343961B2817D19A00656E99 /* SceneDelegate.swift in Sources */ = {isa = PBXBuildFile; fileRef = F343961A2817D19A00656E99 /* SceneDelegate.swift */; };
		F34396202817D19A00656E99 /* Main.storyboard in Resources */ = {isa = PBXBuildFile; fileRef = F343961E2817D19A00656E99 /* Main.storyboard */; };
		F34396222817D19B00656E99 /* Assets.xcassets in Resources */ = {isa = PBXBuildFile; fileRef = F34396212817D19B00656E99 /* Assets.xcassets */; };
		F34396252817D19B00656E99 /* LaunchScreen.storyboard in Resources */ = {isa = PBXBuildFile; fileRef = F34396232817D19B00656E99 /* LaunchScreen.storyboard */; };
		F34396332817D67E00656E99 /* SettingsController.swift in Sources */ = {isa = PBXBuildFile; fileRef = F34396322817D67E00656E99 /* SettingsController.swift */; };
		F34396362817D6DB00656E99 /* SettingsModel.swift in Sources */ = {isa = PBXBuildFile; fileRef = F34396352817D6DB00656E99 /* SettingsModel.swift */; };
		F343963B2817D74300656E99 /* SettingsView.swift in Sources */ = {isa = PBXBuildFile; fileRef = F343963A2817D74300656E99 /* SettingsView.swift */; };
		F343963D2817D76800656E99 /* SettingsTableViewCell.swift in Sources */ = {isa = PBXBuildFile; fileRef = F343963C2817D76800656E99 /* SettingsTableViewCell.swift */; };
/* End PBXBuildFile section */

/* Begin PBXFileReference section */
		F34396152817D19A00656E99 /* TableSettingsMVC.app */ = {isa = PBXFileReference; explicitFileType = wrapper.application; includeInIndex = 0; path = TableSettingsMVC.app; sourceTree = BUILT_PRODUCTS_DIR; };
		F34396182817D19A00656E99 /* AppDelegate.swift */ = {isa = PBXFileReference; lastKnownFileType = sourcecode.swift; path = AppDelegate.swift; sourceTree = "<group>"; };
		F343961A2817D19A00656E99 /* SceneDelegate.swift */ = {isa = PBXFileReference; lastKnownFileType = sourcecode.swift; path = SceneDelegate.swift; sourceTree = "<group>"; };
		F343961F2817D19A00656E99 /* Base */ = {isa = PBXFileReference; lastKnownFileType = file.storyboard; name = Base; path = Base.lproj/Main.storyboard; sourceTree = "<group>"; };
		F34396212817D19B00656E99 /* Assets.xcassets */ = {isa = PBXFileReference; lastKnownFileType = folder.assetcatalog; path = Assets.xcassets; sourceTree = "<group>"; };
		F34396242817D19B00656E99 /* Base */ = {isa = PBXFileReference; lastKnownFileType = file.storyboard; name = Base; path = Base.lproj/LaunchScreen.storyboard; sourceTree = "<group>"; };
		F34396262817D19B00656E99 /* Info.plist */ = {isa = PBXFileReference; lastKnownFileType = text.plist.xml; path = Info.plist; sourceTree = "<group>"; };
		F34396322817D67E00656E99 /* SettingsController.swift */ = {isa = PBXFileReference; lastKnownFileType = sourcecode.swift; path = SettingsController.swift; sourceTree = "<group>"; };
		F34396352817D6DB00656E99 /* SettingsModel.swift */ = {isa = PBXFileReference; lastKnownFileType = sourcecode.swift; path = SettingsModel.swift; sourceTree = "<group>"; };
		F343963A2817D74300656E99 /* SettingsView.swift */ = {isa = PBXFileReference; lastKnownFileType = sourcecode.swift; path = SettingsView.swift; sourceTree = "<group>"; };
		F343963C2817D76800656E99 /* SettingsTableViewCell.swift */ = {isa = PBXFileReference; lastKnownFileType = sourcecode.swift; path = SettingsTableViewCell.swift; sourceTree = "<group>"; };
/* End PBXFileReference section */

/* Begin PBXFrameworksBuildPhase section */
		F34396122817D19A00656E99 /* Frameworks */ = {
			isa = PBXFrameworksBuildPhase;
			buildActionMask = 2147483647;
			files = (
			);
			runOnlyForDeploymentPostprocessing = 0;
		};
/* End PBXFrameworksBuildPhase section */

/* Begin PBXGroup section */
		F343960C2817D19A00656E99 = {
			isa = PBXGroup;
			children = (
				F34396172817D19A00656E99 /* TableSettingsMVC */,
				F34396162817D19A00656E99 /* Products */,
			);
			sourceTree = "<group>";
		};
		F34396162817D19A00656E99 /* Products */ = {
			isa = PBXGroup;
			children = (
				F34396152817D19A00656E99 /* TableSettingsMVC.app */,
			);
			name = Products;
			sourceTree = "<group>";
		};
		F34396172817D19A00656E99 /* TableSettingsMVC */ = {
			isa = PBXGroup;
			children = (
				F3CB4F6F281821D000D0C2D7 /* Sources */,
				F343961E2817D19A00656E99 /* Main.storyboard */,
				F34396212817D19B00656E99 /* Assets.xcassets */,
				F34396232817D19B00656E99 /* LaunchScreen.storyboard */,
				F34396262817D19B00656E99 /* Info.plist */,
			);
			path = TableSettingsMVC;
			sourceTree = "<group>";
		};
		F343962C2817D47400656E99 /* App */ = {
			isa = PBXGroup;
			children = (
				F34396182817D19A00656E99 /* AppDelegate.swift */,
				F343961A2817D19A00656E99 /* SceneDelegate.swift */,
			);
			path = App;
			sourceTree = "<group>";
		};
		F34396342817D6A400656E99 /* Controller */ = {
			isa = PBXGroup;
			children = (
				F34396322817D67E00656E99 /* SettingsController.swift */,
			);
			path = Controller;
			sourceTree = "<group>";
		};
		F34396392817D71D00656E99 /* Model */ = {
			isa = PBXGroup;
			children = (
				F34396352817D6DB00656E99 /* SettingsModel.swift */,
			);
			path = Model;
			sourceTree = "<group>";
		};
		F343963E2817D7D200656E99 /* View */ = {
			isa = PBXGroup;
			children = (
				F343963A2817D74300656E99 /* SettingsView.swift */,
				F343963C2817D76800656E99 /* SettingsTableViewCell.swift */,
			);
			path = View;
			sourceTree = "<group>";
		};
		F3CB4F6E2817E37100D0C2D7 /* Scenes */ = {
			isa = PBXGroup;
			children = (
				F34396392817D71D00656E99 /* Model */,
				F343963E2817D7D200656E99 /* View */,
				F34396342817D6A400656E99 /* Controller */,
			);
			path = Scenes;
			sourceTree = "<group>";
		};
		F3CB4F6F281821D000D0C2D7 /* Sources */ = {
			isa = PBXGroup;
			children = (
				F343962C2817D47400656E99 /* App */,
				F3CB4F6E2817E37100D0C2D7 /* Scenes */,
			);
			path = Sources;
			sourceTree = "<group>";
		};
/* End PBXGroup section */

/* Begin PBXNativeTarget section */
		F34396142817D19A00656E99 /* TableSettingsMVC */ = {
			isa = PBXNativeTarget;
			buildConfigurationList = F34396292817D19B00656E99 /* Build configuration list for PBXNativeTarget "TableSettingsMVC" */;
			buildPhases = (
				F34396112817D19A00656E99 /* Sources */,
				F34396122817D19A00656E99 /* Frameworks */,
				F34396132817D19A00656E99 /* Resources */,
			);
			buildRules = (
			);
			dependencies = (
			);
			name = TableSettingsMVC;
			productName = TableSettingsMVC;
			productReference = F34396152817D19A00656E99 /* TableSettingsMVC.app */;
			productType = "com.apple.product-type.application";
		};
/* End PBXNativeTarget section */

/* Begin PBXProject section */
		F343960D2817D19A00656E99 /* Project object */ = {
			isa = PBXProject;
			attributes = {
				BuildIndependentTargetsInParallel = 1;
				LastSwiftUpdateCheck = 1330;
				LastUpgradeCheck = 1330;
				TargetAttributes = {
					F34396142817D19A00656E99 = {
						CreatedOnToolsVersion = 13.3.1;
					};
				};
			};
			buildConfigurationList = F34396102817D19A00656E99 /* Build configuration list for PBXProject "TableSettingsMVC" */;
			compatibilityVersion = "Xcode 13.0";
			developmentRegion = en;
			hasScannedForEncodings = 0;
			knownRegions = (
				en,
				Base,
			);
			mainGroup = F343960C2817D19A00656E99;
			productRefGroup = F34396162817D19A00656E99 /* Products */;
			projectDirPath = "";
			projectRoot = "";
			targets = (
				F34396142817D19A00656E99 /* TableSettingsMVC */,
			);
		};
/* End PBXProject section */

/* Begin PBXResourcesBuildPhase section */
		F34396132817D19A00656E99 /* Resources */ = {
			isa = PBXResourcesBuildPhase;
			buildActionMask = 2147483647;
			files = (
				F34396252817D19B00656E99 /* LaunchScreen.storyboard in Resources */,
				F34396222817D19B00656E99 /* Assets.xcassets in Resources */,
				F34396202817D19A00656E99 /* Main.storyboard in Resources */,
			);
			runOnlyForDeploymentPostprocessing = 0;
		};
/* End PBXResourcesBuildPhase section */

/* Begin PBXSourcesBuildPhase section */
		F34396112817D19A00656E99 /* Sources */ = {
			isa = PBXSourcesBuildPhase;
			buildActionMask = 2147483647;
			files = (
				F34396362817D6DB00656E99 /* SettingsModel.swift in Sources */,
				F343963B2817D74300656E99 /* SettingsView.swift in Sources */,
				F343963D2817D76800656E99 /* SettingsTableViewCell.swift in Sources */,
				F34396332817D67E00656E99 /* SettingsController.swift in Sources */,
				F34396192817D19A00656E99 /* AppDelegate.swift in Sources */,
				F343961B2817D19A00656E99 /* SceneDelegate.swift in Sources */,
			);
			runOnlyForDeploymentPostprocessing = 0;
		};
/* End PBXSourcesBuildPhase section */

/* Begin PBXVariantGroup section */
		F343961E2817D19A00656E99 /* Main.storyboard */ = {
			isa = PBXVariantGroup;
			children = (
				F343961F2817D19A00656E99 /* Base */,
			);
			name = Main.storyboard;
			sourceTree = "<group>";
		};
		F34396232817D19B00656E99 /* LaunchScreen.storyboard */ = {
			isa = PBXVariantGroup;
			children = (
				F34396242817D19B00656E99 /* Base */,
			);
			name = LaunchScreen.storyboard;
			sourceTree = "<group>";
		};
/* End PBXVariantGroup section */

/* Begin XCBuildConfiguration section */
		F34396272817D19B00656E99 /* Debug */ = {
			isa = XCBuildConfiguration;
			buildSettings = {
				ALWAYS_SEARCH_USER_PATHS = NO;
				CLANG_ANALYZER_NONNULL = YES;
				CLANG_ANALYZER_NUMBER_OBJECT_CONVERSION = YES_AGGRESSIVE;
				CLANG_CXX_LANGUAGE_STANDARD = "gnu++17";
				CLANG_ENABLE_MODULES = YES;
				CLANG_ENABLE_OBJC_ARC = YES;
				CLANG_ENABLE_OBJC_WEAK = YES;
				CLANG_WARN_BLOCK_CAPTURE_AUTORELEASING = YES;
				CLANG_WARN_BOOL_CONVERSION = YES;
				CLANG_WARN_COMMA = YES;
				CLANG_WARN_CONSTANT_CONVERSION = YES;
				CLANG_WARN_DEPRECATED_OBJC_IMPLEMENTATIONS = YES;
				CLANG_WARN_DIRECT_OBJC_ISA_USAGE = YES_ERROR;
				CLANG_WARN_DOCUMENTATION_COMMENTS = YES;
				CLANG_WARN_EMPTY_BODY = YES;
				CLANG_WARN_ENUM_CONVERSION = YES;
				CLANG_WARN_INFINITE_RECURSION = YES;
				CLANG_WARN_INT_CONVERSION = YES;
				CLANG_WARN_NON_LITERAL_NULL_CONVERSION = YES;
				CLANG_WARN_OBJC_IMPLICIT_RETAIN_SELF = YES;
				CLANG_WARN_OBJC_LITERAL_CONVERSION = YES;
				CLANG_WARN_OBJC_ROOT_CLASS = YES_ERROR;
				CLANG_WARN_QUOTED_INCLUDE_IN_FRAMEWORK_HEADER = YES;
				CLANG_WARN_RANGE_LOOP_ANALYSIS = YES;
				CLANG_WARN_STRICT_PROTOTYPES = YES;
				CLANG_WARN_SUSPICIOUS_MOVE = YES;
				CLANG_WARN_UNGUARDED_AVAILABILITY = YES_AGGRESSIVE;
				CLANG_WARN_UNREACHABLE_CODE = YES;
				CLANG_WARN__DUPLICATE_METHOD_MATCH = YES;
				COPY_PHASE_STRIP = NO;
				DEBUG_INFORMATION_FORMAT = dwarf;
				ENABLE_STRICT_OBJC_MSGSEND = YES;
				ENABLE_TESTABILITY = YES;
				GCC_C_LANGUAGE_STANDARD = gnu11;
				GCC_DYNAMIC_NO_PIC = NO;
				GCC_NO_COMMON_BLOCKS = YES;
				GCC_OPTIMIZATION_LEVEL = 0;
				GCC_PREPROCESSOR_DEFINITIONS = (
					"DEBUG=1",
					"$(inherited)",
				);
				GCC_WARN_64_TO_32_BIT_CONVERSION = YES;
				GCC_WARN_ABOUT_RETURN_TYPE = YES_ERROR;
				GCC_WARN_UNDECLARED_SELECTOR = YES;
				GCC_WARN_UNINITIALIZED_AUTOS = YES_AGGRESSIVE;
				GCC_WARN_UNUSED_FUNCTION = YES;
				GCC_WARN_UNUSED_VARIABLE = YES;
				IPHONEOS_DEPLOYMENT_TARGET = 15.4;
				MTL_ENABLE_DEBUG_INFO = INCLUDE_SOURCE;
				MTL_FAST_MATH = YES;
				ONLY_ACTIVE_ARCH = YES;
				SDKROOT = iphoneos;
				SWIFT_ACTIVE_COMPILATION_CONDITIONS = DEBUG;
				SWIFT_OPTIMIZATION_LEVEL = "-Onone";
			};
			name = Debug;
		};
		F34396282817D19B00656E99 /* Release */ = {
			isa = XCBuildConfiguration;
			buildSettings = {
				ALWAYS_SEARCH_USER_PATHS = NO;
				CLANG_ANALYZER_NONNULL = YES;
				CLANG_ANALYZER_NUMBER_OBJECT_CONVERSION = YES_AGGRESSIVE;
				CLANG_CXX_LANGUAGE_STANDARD = "gnu++17";
				CLANG_ENABLE_MODULES = YES;
				CLANG_ENABLE_OBJC_ARC = YES;
				CLANG_ENABLE_OBJC_WEAK = YES;
				CLANG_WARN_BLOCK_CAPTURE_AUTORELEASING = YES;
				CLANG_WARN_BOOL_CONVERSION = YES;
				CLANG_WARN_COMMA = YES;
				CLANG_WARN_CONSTANT_CONVERSION = YES;
				CLANG_WARN_DEPRECATED_OBJC_IMPLEMENTATIONS = YES;
				CLANG_WARN_DIRECT_OBJC_ISA_USAGE = YES_ERROR;
				CLANG_WARN_DOCUMENTATION_COMMENTS = YES;
				CLANG_WARN_EMPTY_BODY = YES;
				CLANG_WARN_ENUM_CONVERSION = YES;
				CLANG_WARN_INFINITE_RECURSION = YES;
				CLANG_WARN_INT_CONVERSION = YES;
				CLANG_WARN_NON_LITERAL_NULL_CONVERSION = YES;
				CLANG_WARN_OBJC_IMPLICIT_RETAIN_SELF = YES;
				CLANG_WARN_OBJC_LITERAL_CONVERSION = YES;
				CLANG_WARN_OBJC_ROOT_CLASS = YES_ERROR;
				CLANG_WARN_QUOTED_INCLUDE_IN_FRAMEWORK_HEADER = YES;
				CLANG_WARN_RANGE_LOOP_ANALYSIS = YES;
				CLANG_WARN_STRICT_PROTOTYPES = YES;
				CLANG_WARN_SUSPICIOUS_MOVE = YES;
				CLANG_WARN_UNGUARDED_AVAILABILITY = YES_AGGRESSIVE;
				CLANG_WARN_UNREACHABLE_CODE = YES;
				CLANG_WARN__DUPLICATE_METHOD_MATCH = YES;
				COPY_PHASE_STRIP = NO;
				DEBUG_INFORMATION_FORMAT = "dwarf-with-dsym";
				ENABLE_NS_ASSERTIONS = NO;
				ENABLE_STRICT_OBJC_MSGSEND = YES;
				GCC_C_LANGUAGE_STANDARD = gnu11;
				GCC_NO_COMMON_BLOCKS = YES;
				GCC_WARN_64_TO_32_BIT_CONVERSION = YES;
				GCC_WARN_ABOUT_RETURN_TYPE = YES_ERROR;
				GCC_WARN_UNDECLARED_SELECTOR = YES;
				GCC_WARN_UNINITIALIZED_AUTOS = YES_AGGRESSIVE;
				GCC_WARN_UNUSED_FUNCTION = YES;
				GCC_WARN_UNUSED_VARIABLE = YES;
				IPHONEOS_DEPLOYMENT_TARGET = 15.4;
				MTL_ENABLE_DEBUG_INFO = NO;
				MTL_FAST_MATH = YES;
				SDKROOT = iphoneos;
				SWIFT_COMPILATION_MODE = wholemodule;
				SWIFT_OPTIMIZATION_LEVEL = "-O";
				VALIDATE_PRODUCT = YES;
			};
			name = Release;
		};
		F343962A2817D19B00656E99 /* Debug */ = {
			isa = XCBuildConfiguration;
			buildSettings = {
				ASSETCATALOG_COMPILER_APPICON_NAME = AppIcon;
				ASSETCATALOG_COMPILER_GLOBAL_ACCENT_COLOR_NAME = AccentColor;
				CODE_SIGN_STYLE = Automatic;
				CURRENT_PROJECT_VERSION = 1;
				DEVELOPMENT_TEAM = 9DSLGCL4J8;
				GENERATE_INFOPLIST_FILE = YES;
				INFOPLIST_FILE = TableSettingsMVC/Info.plist;
				INFOPLIST_KEY_UIApplicationSupportsIndirectInputEvents = YES;
				INFOPLIST_KEY_UILaunchStoryboardName = LaunchScreen;
				INFOPLIST_KEY_UIMainStoryboardFile = Main;
				INFOPLIST_KEY_UISupportedInterfaceOrientations = UIInterfaceOrientationPortrait;
				INFOPLIST_KEY_UISupportedInterfaceOrientations_iPad = "UIInterfaceOrientationPortrait UIInterfaceOrientationPortraitUpsideDown UIInterfaceOrientationLandscapeLeft UIInterfaceOrientationLandscapeRight";
				INFOPLIST_KEY_UISupportedInterfaceOrientations_iPhone = "UIInterfaceOrientationPortrait UIInterfaceOrientationLandscapeLeft UIInterfaceOrientationLandscapeRight";
				IPHONEOS_DEPLOYMENT_TARGET = 13.0;
				LD_RUNPATH_SEARCH_PATHS = (
					"$(inherited)",
					"@executable_path/Frameworks",
				);
				MARKETING_VERSION = 1.0;
				PRODUCT_BUNDLE_IDENTIFIER = com.artyomguzenko.TableSettingsMVC;
				PRODUCT_NAME = "$(TARGET_NAME)";
				SWIFT_EMIT_LOC_STRINGS = YES;
				SWIFT_VERSION = 5.0;
				TARGETED_DEVICE_FAMILY = 1;
			};
			name = Debug;
		};
		F343962B2817D19B00656E99 /* Release */ = {
			isa = XCBuildConfiguration;
			buildSettings = {
				ASSETCATALOG_COMPILER_APPICON_NAME = AppIcon;
				ASSETCATALOG_COMPILER_GLOBAL_ACCENT_COLOR_NAME = AccentColor;
				CODE_SIGN_STYLE = Automatic;
				CURRENT_PROJECT_VERSION = 1;
				DEVELOPMENT_TEAM = 9DSLGCL4J8;
				GENERATE_INFOPLIST_FILE = YES;
				INFOPLIST_FILE = TableSettingsMVC/Info.plist;
				INFOPLIST_KEY_UIApplicationSupportsIndirectInputEvents = YES;
				INFOPLIST_KEY_UILaunchStoryboardName = LaunchScreen;
				INFOPLIST_KEY_UIMainStoryboardFile = Main;
				INFOPLIST_KEY_UISupportedInterfaceOrientations = UIInterfaceOrientationPortrait;
				INFOPLIST_KEY_UISupportedInterfaceOrientations_iPad = "UIInterfaceOrientationPortrait UIInterfaceOrientationPortraitUpsideDown UIInterfaceOrientationLandscapeLeft UIInterfaceOrientationLandscapeRight";
				INFOPLIST_KEY_UISupportedInterfaceOrientations_iPhone = "UIInterfaceOrientationPortrait UIInterfaceOrientationLandscapeLeft UIInterfaceOrientationLandscapeRight";
				IPHONEOS_DEPLOYMENT_TARGET = 13.0;
				LD_RUNPATH_SEARCH_PATHS = (
					"$(inherited)",
					"@executable_path/Frameworks",
				);
				MARKETING_VERSION = 1.0;
				PRODUCT_BUNDLE_IDENTIFIER = com.artyomguzenko.TableSettingsMVC;
				PRODUCT_NAME = "$(TARGET_NAME)";
				SWIFT_EMIT_LOC_STRINGS = YES;
				SWIFT_VERSION = 5.0;
				TARGETED_DEVICE_FAMILY = 1;
			};
			name = Release;
		};
/* End XCBuildConfiguration section */

/* Begin XCConfigurationList section */
		F34396102817D19A00656E99 /* Build configuration list for PBXProject "TableSettingsMVC" */ = {
			isa = XCConfigurationList;
			buildConfigurations = (
				F34396272817D19B00656E99 /* Debug */,
				F34396282817D19B00656E99 /* Release */,
			);
			defaultConfigurationIsVisible = 0;
			defaultConfigurationName = Release;
		};
		F34396292817D19B00656E99 /* Build configuration list for PBXNativeTarget "TableSettingsMVC" */ = {
			isa = XCConfigurationList;
			buildConfigurations = (
				F343962A2817D19B00656E99 /* Debug */,
				F343962B2817D19B00656E99 /* Release */,
			);
			defaultConfigurationIsVisible = 0;
			defaultConfigurationName = Release;
		};
/* End XCConfigurationList section */
	};
	rootObject = F343960D2817D19A00656E99 /* Project object */;
}
